// !$*UTF8*$!
{
	archiveVersion = 1;
	classes = {
	};
	objectVersion = 46;
	objects = {

/* Begin PBXBuildFile section */
		C26F4E991E4BD88300620B12 /* GraphView.swift in Sources */ = {isa = PBXBuildFile; fileRef = C26F4E981E4BD88300620B12 /* GraphView.swift */; };
		C2AE39EB1E45741300BB0136 /* AxesDrawer.swift in Sources */ = {isa = PBXBuildFile; fileRef = C2AE39EA1E45741300BB0136 /* AxesDrawer.swift */; };
		C2BC5B261E493BA20029A73D /* GraphViewController.swift in Sources */ = {isa = PBXBuildFile; fileRef = C2BC5B251E493BA20029A73D /* GraphViewController.swift */; };
		C2E34CA71DBD4FD900583D05 /* AppDelegate.swift in Sources */ = {isa = PBXBuildFile; fileRef = C2E34CA61DBD4FD900583D05 /* AppDelegate.swift */; };
		C2E34CA91DBD4FD900583D05 /* CalculatorViewController.swift in Sources */ = {isa = PBXBuildFile; fileRef = C2E34CA81DBD4FD900583D05 /* CalculatorViewController.swift */; };
		C2E34CAC1DBD4FD900583D05 /* Main.storyboard in Resources */ = {isa = PBXBuildFile; fileRef = C2E34CAA1DBD4FD900583D05 /* Main.storyboard */; };
		C2E34CAE1DBD4FD900583D05 /* Assets.xcassets in Resources */ = {isa = PBXBuildFile; fileRef = C2E34CAD1DBD4FD900583D05 /* Assets.xcassets */; };
		C2E34CB11DBD4FD900583D05 /* LaunchScreen.storyboard in Resources */ = {isa = PBXBuildFile; fileRef = C2E34CAF1DBD4FD900583D05 /* LaunchScreen.storyboard */; };
		C2E34CBA1DC12A8000583D05 /* CalculatorBrain.swift in Sources */ = {isa = PBXBuildFile; fileRef = C2E34CB91DC12A8000583D05 /* CalculatorBrain.swift */; };
/* End PBXBuildFile section */

/* Begin PBXFileReference section */
		C26F4E981E4BD88300620B12 /* GraphView.swift */ = {isa = PBXFileReference; fileEncoding = 4; lastKnownFileType = sourcecode.swift; path = GraphView.swift; sourceTree = "<group>"; };
		C2AE39EA1E45741300BB0136 /* AxesDrawer.swift */ = {isa = PBXFileReference; fileEncoding = 4; lastKnownFileType = sourcecode.swift; path = AxesDrawer.swift; sourceTree = "<group>"; };
		C2BC5B251E493BA20029A73D /* GraphViewController.swift */ = {isa = PBXFileReference; fileEncoding = 4; lastKnownFileType = sourcecode.swift; path = GraphViewController.swift; sourceTree = "<group>"; };
		C2E34CA31DBD4FD900583D05 /* Calculator2.app */ = {isa = PBXFileReference; explicitFileType = wrapper.application; includeInIndex = 0; path = Calculator2.app; sourceTree = BUILT_PRODUCTS_DIR; };
		C2E34CA61DBD4FD900583D05 /* AppDelegate.swift */ = {isa = PBXFileReference; lastKnownFileType = sourcecode.swift; path = AppDelegate.swift; sourceTree = "<group>"; };
		C2E34CA81DBD4FD900583D05 /* CalculatorViewController.swift */ = {isa = PBXFileReference; lastKnownFileType = sourcecode.swift; path = CalculatorViewController.swift; sourceTree = "<group>"; };
		C2E34CAB1DBD4FD900583D05 /* Base */ = {isa = PBXFileReference; lastKnownFileType = file.storyboard; name = Base; path = Base.lproj/Main.storyboard; sourceTree = "<group>"; };
		C2E34CAD1DBD4FD900583D05 /* Assets.xcassets */ = {isa = PBXFileReference; lastKnownFileType = folder.assetcatalog; path = Assets.xcassets; sourceTree = "<group>"; };
		C2E34CB01DBD4FD900583D05 /* Base */ = {isa = PBXFileReference; lastKnownFileType = file.storyboard; name = Base; path = Base.lproj/LaunchScreen.storyboard; sourceTree = "<group>"; };
		C2E34CB21DBD4FD900583D05 /* Info.plist */ = {isa = PBXFileReference; lastKnownFileType = text.plist.xml; path = Info.plist; sourceTree = "<group>"; };
		C2E34CB91DC12A8000583D05 /* CalculatorBrain.swift */ = {isa = PBXFileReference; fileEncoding = 4; lastKnownFileType = sourcecode.swift; path = CalculatorBrain.swift; sourceTree = "<group>"; };
/* End PBXFileReference section */

/* Begin PBXFrameworksBuildPhase section */
		C2E34CA01DBD4FD900583D05 /* Frameworks */ = {
			isa = PBXFrameworksBuildPhase;
			buildActionMask = 2147483647;
			files = (
			);
			runOnlyForDeploymentPostprocessing = 0;
		};
/* End PBXFrameworksBuildPhase section */

/* Begin PBXGroup section */
		C2E34C9A1DBD4FD900583D05 = {
			isa = PBXGroup;
			children = (
				C2E34CA51DBD4FD900583D05 /* Calculator2 */,
				C2E34CA41DBD4FD900583D05 /* Products */,
			);
			sourceTree = "<group>";
		};
		C2E34CA41DBD4FD900583D05 /* Products */ = {
			isa = PBXGroup;
			children = (
				C2E34CA31DBD4FD900583D05 /* Calculator2.app */,
			);
			name = Products;
			sourceTree = "<group>";
		};
		C2E34CA51DBD4FD900583D05 /* Calculator2 */ = {
			isa = PBXGroup;
			children = (
				C2E34CB81DBD510500583D05 /* Supporting Files */,
				C2AE39EA1E45741300BB0136 /* AxesDrawer.swift */,
				C2E34CA81DBD4FD900583D05 /* CalculatorViewController.swift */,
				C2E34CAA1DBD4FD900583D05 /* Main.storyboard */,
				C26F4E981E4BD88300620B12 /* GraphView.swift */,
				C2BC5B251E493BA20029A73D /* GraphViewController.swift */,
				C2E34CB91DC12A8000583D05 /* CalculatorBrain.swift */,
			);
			path = Calculator2;
			sourceTree = "<group>";
		};
		C2E34CB81DBD510500583D05 /* Supporting Files */ = {
			isa = PBXGroup;
			children = (
				C2E34CA61DBD4FD900583D05 /* AppDelegate.swift */,
				C2E34CAD1DBD4FD900583D05 /* Assets.xcassets */,
				C2E34CAF1DBD4FD900583D05 /* LaunchScreen.storyboard */,
				C2E34CB21DBD4FD900583D05 /* Info.plist */,
			);
			name = "Supporting Files";
			sourceTree = "<group>";
		};
/* End PBXGroup section */

/* Begin PBXNativeTarget section */
		C2E34CA21DBD4FD900583D05 /* Calculator2 */ = {
			isa = PBXNativeTarget;
			buildConfigurationList = C2E34CB51DBD4FD900583D05 /* Build configuration list for PBXNativeTarget "Calculator2" */;
			buildPhases = (
				C2E34C9F1DBD4FD900583D05 /* Sources */,
				C2E34CA01DBD4FD900583D05 /* Frameworks */,
				C2E34CA11DBD4FD900583D05 /* Resources */,
			);
			buildRules = (
			);
			dependencies = (
			);
			name = Calculator2;
			productName = Calculator2;
			productReference = C2E34CA31DBD4FD900583D05 /* Calculator2.app */;
			productType = "com.apple.product-type.application";
		};
/* End PBXNativeTarget section */

/* Begin PBXProject section */
		C2E34C9B1DBD4FD900583D05 /* Project object */ = {
			isa = PBXProject;
			attributes = {
				LastSwiftUpdateCheck = 0730;
				LastUpgradeCheck = 0820;
				ORGANIZATIONNAME = "Ali H";
				TargetAttributes = {
					C2E34CA21DBD4FD900583D05 = {
						CreatedOnToolsVersion = 7.3;
						DevelopmentTeam = H2VYD3H5V5;
						LastSwiftMigration = 0820;
					};
				};
			};
			buildConfigurationList = C2E34C9E1DBD4FD900583D05 /* Build configuration list for PBXProject "Calculator2" */;
			compatibilityVersion = "Xcode 3.2";
			developmentRegion = English;
			hasScannedForEncodings = 0;
			knownRegions = (
				en,
				Base,
			);
			mainGroup = C2E34C9A1DBD4FD900583D05;
			productRefGroup = C2E34CA41DBD4FD900583D05 /* Products */;
			projectDirPath = "";
			projectRoot = "";
			targets = (
				C2E34CA21DBD4FD900583D05 /* Calculator2 */,
			);
		};
/* End PBXProject section */

/* Begin PBXResourcesBuildPhase section */
		C2E34CA11DBD4FD900583D05 /* Resources */ = {
			isa = PBXResourcesBuildPhase;
			buildActionMask = 2147483647;
			files = (
				C2E34CB11DBD4FD900583D05 /* LaunchScreen.storyboard in Resources */,
				C2E34CAE1DBD4FD900583D05 /* Assets.xcassets in Resources */,
				C2E34CAC1DBD4FD900583D05 /* Main.storyboard in Resources */,
			);
			runOnlyForDeploymentPostprocessing = 0;
		};
/* End PBXResourcesBuildPhase section */

/* Begin PBXSourcesBuildPhase section */
		C2E34C9F1DBD4FD900583D05 /* Sources */ = {
			isa = PBXSourcesBuildPhase;
			buildActionMask = 2147483647;
			files = (
				C2E34CBA1DC12A8000583D05 /* CalculatorBrain.swift in Sources */,
				C2BC5B261E493BA20029A73D /* GraphViewController.swift in Sources */,
				C2AE39EB1E45741300BB0136 /* AxesDrawer.swift in Sources */,
				C2E34CA91DBD4FD900583D05 /* CalculatorViewController.swift in Sources */,
				C2E34CA71DBD4FD900583D05 /* AppDelegate.swift in Sources */,
				C26F4E991E4BD88300620B12 /* GraphView.swift in Sources */,
			);
			runOnlyForDeploymentPostprocessing = 0;
		};
/* End PBXSourcesBuildPhase section */

/* Begin PBXVariantGroup section */
		C2E34CAA1DBD4FD900583D05 /* Main.storyboard */ = {
			isa = PBXVariantGroup;
			children = (
				C2E34CAB1DBD4FD900583D05 /* Base */,
			);
			name = Main.storyboard;
			sourceTree = "<group>";
		};
		C2E34CAF1DBD4FD900583D05 /* LaunchScreen.storyboard */ = {
			isa = PBXVariantGroup;
			children = (
				C2E34CB01DBD4FD900583D05 /* Base */,
			);
			name = LaunchScreen.storyboard;
			sourceTree = "<group>";
		};
/* End PBXVariantGroup section */

/* Begin XCBuildConfiguration section */
		C2E34CB31DBD4FD900583D05 /* Debug */ = {
			isa = XCBuildConfiguration;
			buildSettings = {
				ALWAYS_SEARCH_USER_PATHS = NO;
				CLANG_ANALYZER_NONNULL = YES;
				CLANG_CXX_LANGUAGE_STANDARD = "gnu++0x";
				CLANG_CXX_LIBRARY = "libc++";
				CLANG_ENABLE_MODULES = YES;
				CLANG_ENABLE_OBJC_ARC = YES;
				CLANG_WARN_BOOL_CONVERSION = YES;
				CLANG_WARN_CONSTANT_CONVERSION = YES;
				CLANG_WARN_DIRECT_OBJC_ISA_USAGE = YES_ERROR;
				CLANG_WARN_EMPTY_BODY = YES;
				CLANG_WARN_ENUM_CONVERSION = YES;
				CLANG_WARN_INFINITE_RECURSION = YES;
				CLANG_WARN_INT_CONVERSION = YES;
				CLANG_WARN_OBJC_ROOT_CLASS = YES_ERROR;
				CLANG_WARN_SUSPICIOUS_MOVE = YES;
				CLANG_WARN_UNREACHABLE_CODE = YES;
				CLANG_WARN__DUPLICATE_METHOD_MATCH = YES;
				"CODE_SIGN_IDENTITY[sdk=iphoneos*]" = "iPhone Developer";
				COPY_PHASE_STRIP = NO;
				DEBUG_INFORMATION_FORMAT = dwarf;
				ENABLE_STRICT_OBJC_MSGSEND = YES;
				ENABLE_TESTABILITY = YES;
				GCC_C_LANGUAGE_STANDARD = gnu99;
				GCC_DYNAMIC_NO_PIC = NO;
				GCC_NO_COMMON_BLOCKS = YES;
				GCC_OPTIMIZATION_LEVEL = 0;
				GCC_PREPROCESSOR_DEFINITIONS = (
					"DEBUG=1",
					"$(inherited)",
				);
				GCC_WARN_64_TO_32_BIT_CONVERSION = YES;
				GCC_WARN_ABOUT_RETURN_TYPE = YES_ERROR;
				GCC_WARN_UNDECLARED_SELECTOR = YES;
				GCC_WARN_UNINITIALIZED_AUTOS = YES_AGGRESSIVE;
				GCC_WARN_UNUSED_FUNCTION = YES;
				GCC_WARN_UNUSED_VARIABLE = YES;
				IPHONEOS_DEPLOYMENT_TARGET = 9.3;
				MTL_ENABLE_DEBUG_INFO = YES;
				ONLY_ACTIVE_ARCH = YES;
				SDKROOT = iphoneos;
				SWIFT_OPTIMIZATION_LEVEL = "-Onone";
				TARGETED_DEVICE_FAMILY = "1,2";
			};
			name = Debug;
		};
		C2E34CB41DBD4FD900583D05 /* Release */ = {
			isa = XCBuildConfiguration;
			buildSettings = {
				ALWAYS_SEARCH_USER_PATHS = NO;
				CLANG_ANALYZER_NONNULL = YES;
				CLANG_CXX_LANGUAGE_STANDARD = "gnu++0x";
				CLANG_CXX_LIBRARY = "libc++";
				CLANG_ENABLE_MODULES = YES;
				CLANG_ENABLE_OBJC_ARC = YES;
				CLANG_WARN_BOOL_CONVERSION = YES;
				CLANG_WARN_CONSTANT_CONVERSION = YES;
				CLANG_WARN_DIRECT_OBJC_ISA_USAGE = YES_ERROR;
				CLANG_WARN_EMPTY_BODY = YES;
				CLANG_WARN_ENUM_CONVERSION = YES;
				CLANG_WARN_INFINITE_RECURSION = YES;
				CLANG_WARN_INT_CONVERSION = YES;
				CLANG_WARN_OBJC_ROOT_CLASS = YES_ERROR;
				CLANG_WARN_SUSPICIOUS_MOVE = YES;
				CLANG_WARN_UNREACHABLE_CODE = YES;
				CLANG_WARN__DUPLICATE_METHOD_MATCH = YES;
				"CODE_SIGN_IDENTITY[sdk=iphoneos*]" = "iPhone Developer";
				COPY_PHASE_STRIP = NO;
				DEBUG_INFORMATION_FORMAT = "dwarf-with-dsym";
				ENABLE_NS_ASSERTIONS = NO;
				ENABLE_STRICT_OBJC_MSGSEND = YES;
				GCC_C_LANGUAGE_STANDARD = gnu99;
				GCC_NO_COMMON_BLOCKS = YES;
				GCC_WARN_64_TO_32_BIT_CONVERSION = YES;
				GCC_WARN_ABOUT_RETURN_TYPE = YES_ERROR;
				GCC_WARN_UNDECLARED_SELECTOR = YES;
				GCC_WARN_UNINITIALIZED_AUTOS = YES_AGGRESSIVE;
				GCC_WARN_UNUSED_FUNCTION = YES;
				GCC_WARN_UNUSED_VARIABLE = YES;
				IPHONEOS_DEPLOYMENT_TARGET = 9.3;
				MTL_ENABLE_DEBUG_INFO = NO;
				SDKROOT = iphoneos;
				SWIFT_OPTIMIZATION_LEVEL = "-Owholemodule";
				TARGETED_DEVICE_FAMILY = "1,2";
				VALIDATE_PRODUCT = YES;
			};
			name = Release;
		};
		C2E34CB61DBD4FD900583D05 /* Debug */ = {
			isa = XCBuildConfiguration;
			buildSettings = {
				ASSETCATALOG_COMPILER_APPICON_NAME = AppIcon;
				DEVELOPMENT_TEAM = H2VYD3H5V5;
				INFOPLIST_FILE = Calculator2/Info.plist;
				LD_RUNPATH_SEARCH_PATHS = "$(inherited) @executable_path/Frameworks";
				PRODUCT_BUNDLE_IDENTIFIER = com.alihomafar.Calculator2;
				PRODUCT_NAME = "$(TARGET_NAME)";
				SWIFT_VERSION = 3.0;
			};
			name = Debug;
		};
		C2E34CB71DBD4FD900583D05 /* Release */ = {
			isa = XCBuildConfiguration;
			buildSettings = {
				ASSETCATALOG_COMPILER_APPICON_NAME = AppIcon;
				DEVELOPMENT_TEAM = H2VYD3H5V5;
				INFOPLIST_FILE = Calculator2/Info.plist;
				LD_RUNPATH_SEARCH_PATHS = "$(inherited) @executable_path/Frameworks";
				PRODUCT_BUNDLE_IDENTIFIER = com.alihomafar.Calculator2;
				PRODUCT_NAME = "$(TARGET_NAME)";
				SWIFT_VERSION = 3.0;
			};
			name = Release;
		};
/* End XCBuildConfiguration section */

/* Begin XCConfigurationList section */
		C2E34C9E1DBD4FD900583D05 /* Build configuration list for PBXProject "Calculator2" */ = {
			isa = XCConfigurationList;
			buildConfigurations = (
				C2E34CB31DBD4FD900583D05 /* Debug */,
				C2E34CB41DBD4FD900583D05 /* Release */,
			);
			defaultConfigurationIsVisible = 0;
			defaultConfigurationName = Release;
		};
		C2E34CB51DBD4FD900583D05 /* Build configuration list for PBXNativeTarget "Calculator2" */ = {
			isa = XCConfigurationList;
			buildConfigurations = (
				C2E34CB61DBD4FD900583D05 /* Debug */,
				C2E34CB71DBD4FD900583D05 /* Release */,
			);
			defaultConfigurationIsVisible = 0;
			defaultConfigurationName = Release;
		};
/* End XCConfigurationList section */
	};
	rootObject = C2E34C9B1DBD4FD900583D05 /* Project object */;
}
